// !$*UTF8*$!
{
	archiveVersion = 1;
	classes = {
	};
	objectVersion = 46;
	objects = {

/* Begin PBXBuildFile section */
		A501AB331F02780E00ACC0C9 /* Bundle+Extensions.swift in Sources */ = {isa = PBXBuildFile; fileRef = A501AB321F02780E00ACC0C9 /* Bundle+Extensions.swift */; };
		A5173C771EFD3C1F00DC6700 /* AppDelegate.swift in Sources */ = {isa = PBXBuildFile; fileRef = A5173C761EFD3C1F00DC6700 /* AppDelegate.swift */; };
		A5173C7E1EFD3C1F00DC6700 /* Assets.xcassets in Resources */ = {isa = PBXBuildFile; fileRef = A5173C7D1EFD3C1F00DC6700 /* Assets.xcassets */; };
		A5173C931EFFC1BD00DC6700 /* YYHTabBarViewController.swift in Sources */ = {isa = PBXBuildFile; fileRef = A5173C921EFFC1BD00DC6700 /* YYHTabBarViewController.swift */; };
		A5173C951EFFC1D700DC6700 /* YYHNavigationController.swift in Sources */ = {isa = PBXBuildFile; fileRef = A5173C941EFFC1D700DC6700 /* YYHNavigationController.swift */; };
		A5173C971EFFC21F00DC6700 /* YYHBaseTableController.swift in Sources */ = {isa = PBXBuildFile; fileRef = A5173C961EFFC21F00DC6700 /* YYHBaseTableController.swift */; };
		A5173C991EFFC2B000DC6700 /* YYHViewController.swift in Sources */ = {isa = PBXBuildFile; fileRef = A5173C981EFFC2B000DC6700 /* YYHViewController.swift */; };
		A5173C9B1EFFC2BA00DC6700 /* YYHMessageViewController.swift in Sources */ = {isa = PBXBuildFile; fileRef = A5173C9A1EFFC2BA00DC6700 /* YYHMessageViewController.swift */; };
		A5173C9D1EFFC2C400DC6700 /* YYHDiscoverViewController.swift in Sources */ = {isa = PBXBuildFile; fileRef = A5173C9C1EFFC2C400DC6700 /* YYHDiscoverViewController.swift */; };
		A5173C9F1EFFC2CE00DC6700 /* YYHProfileViewController.swift in Sources */ = {isa = PBXBuildFile; fileRef = A5173C9E1EFFC2CE00DC6700 /* YYHProfileViewController.swift */; };
		A525B9671F07B4BE00D04ACE /* YYHDemoTableViewController.swift in Sources */ = {isa = PBXBuildFile; fileRef = A525B9661F07B4BE00D04ACE /* YYHDemoTableViewController.swift */; };
		A525B96D1F0A397500D04ACE /* UIBarButtonItem+YYHBarButton.m in Sources */ = {isa = PBXBuildFile; fileRef = A525B96C1F0A397500D04ACE /* UIBarButtonItem+YYHBarButton.m */; };
		A525B96F1F0A3FF100D04ACE /* UIBarButtonItem+Extensions.swift in Sources */ = {isa = PBXBuildFile; fileRef = A525B96E1F0A3FF100D04ACE /* UIBarButtonItem+Extensions.swift */; };
		A57787761F1B72A000989A5E /* YYHVistorView.swift in Sources */ = {isa = PBXBuildFile; fileRef = A57787751F1B72A000989A5E /* YYHVistorView.swift */; };
		A579E07E1F008690008BB1E1 /* UIColor+CZAddition.m in Sources */ = {isa = PBXBuildFile; fileRef = A579E0651F008690008BB1E1 /* UIColor+CZAddition.m */; };
		A579E07F1F008690008BB1E1 /* UIView+CZAddition.m in Sources */ = {isa = PBXBuildFile; fileRef = A579E0661F008690008BB1E1 /* UIView+CZAddition.m */; };
		A579E0801F008690008BB1E1 /* UIScreen+CZAddition.m in Sources */ = {isa = PBXBuildFile; fileRef = A579E0691F008690008BB1E1 /* UIScreen+CZAddition.m */; };
		A579E0811F008690008BB1E1 /* UILabel+CZAddition.m in Sources */ = {isa = PBXBuildFile; fileRef = A579E06B1F008690008BB1E1 /* UILabel+CZAddition.m */; };
		A579E0821F008690008BB1E1 /* NSString+CZBase64.m in Sources */ = {isa = PBXBuildFile; fileRef = A579E06D1F008690008BB1E1 /* NSString+CZBase64.m */; };
		A579E0831F008690008BB1E1 /* NSString+CZPath.m in Sources */ = {isa = PBXBuildFile; fileRef = A579E06E1F008690008BB1E1 /* NSString+CZPath.m */; };
		A579E0841F008690008BB1E1 /* UIButton+CZAddition.m in Sources */ = {isa = PBXBuildFile; fileRef = A579E0711F008690008BB1E1 /* UIButton+CZAddition.m */; };
		A579E0851F008690008BB1E1 /* NSObject+CZRuntime.m in Sources */ = {isa = PBXBuildFile; fileRef = A579E0741F008690008BB1E1 /* NSObject+CZRuntime.m */; };
		A579E0861F008690008BB1E1 /* UIViewController+CZAddition.m in Sources */ = {isa = PBXBuildFile; fileRef = A579E0771F008690008BB1E1 /* UIViewController+CZAddition.m */; };
		A579E0871F008690008BB1E1 /* NSString+CZHash.m in Sources */ = {isa = PBXBuildFile; fileRef = A579E0781F008690008BB1E1 /* NSString+CZHash.m */; };
		A579E0881F008690008BB1E1 /* NSAttributedString+CZAdditon.m in Sources */ = {isa = PBXBuildFile; fileRef = A579E07B1F008690008BB1E1 /* NSAttributedString+CZAdditon.m */; };
		A579E0891F008690008BB1E1 /* NSArray+Log.m in Sources */ = {isa = PBXBuildFile; fileRef = A579E07C1F008690008BB1E1 /* NSArray+Log.m */; };
/* End PBXBuildFile section */

/* Begin PBXFileReference section */
		A501AB321F02780E00ACC0C9 /* Bundle+Extensions.swift */ = {isa = PBXFileReference; fileEncoding = 4; lastKnownFileType = sourcecode.swift; path = "Bundle+Extensions.swift"; sourceTree = "<group>"; };
		A5173C731EFD3C1F00DC6700 /* WeiBo.app */ = {isa = PBXFileReference; explicitFileType = wrapper.application; includeInIndex = 0; path = WeiBo.app; sourceTree = BUILT_PRODUCTS_DIR; };
		A5173C761EFD3C1F00DC6700 /* AppDelegate.swift */ = {isa = PBXFileReference; lastKnownFileType = sourcecode.swift; path = AppDelegate.swift; sourceTree = "<group>"; };
		A5173C7D1EFD3C1F00DC6700 /* Assets.xcassets */ = {isa = PBXFileReference; lastKnownFileType = folder.assetcatalog; path = Assets.xcassets; sourceTree = "<group>"; };
		A5173C821EFD3C1F00DC6700 /* Info.plist */ = {isa = PBXFileReference; lastKnownFileType = text.plist.xml; path = Info.plist; sourceTree = "<group>"; };
		A5173C921EFFC1BD00DC6700 /* YYHTabBarViewController.swift */ = {isa = PBXFileReference; fileEncoding = 4; lastKnownFileType = sourcecode.swift; path = YYHTabBarViewController.swift; sourceTree = "<group>"; };
		A5173C941EFFC1D700DC6700 /* YYHNavigationController.swift */ = {isa = PBXFileReference; fileEncoding = 4; lastKnownFileType = sourcecode.swift; path = YYHNavigationController.swift; sourceTree = "<group>"; };
		A5173C961EFFC21F00DC6700 /* YYHBaseTableController.swift */ = {isa = PBXFileReference; fileEncoding = 4; lastKnownFileType = sourcecode.swift; path = YYHBaseTableController.swift; sourceTree = "<group>"; };
		A5173C981EFFC2B000DC6700 /* YYHViewController.swift */ = {isa = PBXFileReference; fileEncoding = 4; lastKnownFileType = sourcecode.swift; path = YYHViewController.swift; sourceTree = "<group>"; };
		A5173C9A1EFFC2BA00DC6700 /* YYHMessageViewController.swift */ = {isa = PBXFileReference; fileEncoding = 4; lastKnownFileType = sourcecode.swift; path = YYHMessageViewController.swift; sourceTree = "<group>"; };
		A5173C9C1EFFC2C400DC6700 /* YYHDiscoverViewController.swift */ = {isa = PBXFileReference; fileEncoding = 4; lastKnownFileType = sourcecode.swift; path = YYHDiscoverViewController.swift; sourceTree = "<group>"; };
		A5173C9E1EFFC2CE00DC6700 /* YYHProfileViewController.swift */ = {isa = PBXFileReference; fileEncoding = 4; lastKnownFileType = sourcecode.swift; path = YYHProfileViewController.swift; sourceTree = "<group>"; };
		A525B9661F07B4BE00D04ACE /* YYHDemoTableViewController.swift */ = {isa = PBXFileReference; lastKnownFileType = sourcecode.swift; path = YYHDemoTableViewController.swift; sourceTree = "<group>"; };
		A525B96B1F0A397400D04ACE /* UIBarButtonItem+YYHBarButton.h */ = {isa = PBXFileReference; fileEncoding = 4; lastKnownFileType = sourcecode.c.h; name = "UIBarButtonItem+YYHBarButton.h"; path = "../../../../../../练习代码/17_03_16_Budejie/17_03_16_Budejie/Classes/Other-其他/Categories/UIBarButtonItem+YYHBarButton.h"; sourceTree = "<group>"; };
		A525B96C1F0A397500D04ACE /* UIBarButtonItem+YYHBarButton.m */ = {isa = PBXFileReference; fileEncoding = 4; lastKnownFileType = sourcecode.c.objc; name = "UIBarButtonItem+YYHBarButton.m"; path = "../../../../../../练习代码/17_03_16_Budejie/17_03_16_Budejie/Classes/Other-其他/Categories/UIBarButtonItem+YYHBarButton.m"; sourceTree = "<group>"; };
		A525B96E1F0A3FF100D04ACE /* UIBarButtonItem+Extensions.swift */ = {isa = PBXFileReference; lastKnownFileType = sourcecode.swift; path = "UIBarButtonItem+Extensions.swift"; sourceTree = "<group>"; };
		A542477C1F0089010096DE46 /* WeiBo-Bridge.h */ = {isa = PBXFileReference; lastKnownFileType = sourcecode.c.h; path = "WeiBo-Bridge.h"; sourceTree = "<group>"; };
		A57787751F1B72A000989A5E /* YYHVistorView.swift */ = {isa = PBXFileReference; lastKnownFileType = sourcecode.swift; path = YYHVistorView.swift; sourceTree = "<group>"; };
		A579E0651F008690008BB1E1 /* UIColor+CZAddition.m */ = {isa = PBXFileReference; fileEncoding = 4; lastKnownFileType = sourcecode.c.objc; path = "UIColor+CZAddition.m"; sourceTree = "<group>"; };
		A579E0661F008690008BB1E1 /* UIView+CZAddition.m */ = {isa = PBXFileReference; fileEncoding = 4; lastKnownFileType = sourcecode.c.objc; path = "UIView+CZAddition.m"; sourceTree = "<group>"; };
		A579E0671F008690008BB1E1 /* UIButton+CZAddition.h */ = {isa = PBXFileReference; fileEncoding = 4; lastKnownFileType = sourcecode.c.h; path = "UIButton+CZAddition.h"; sourceTree = "<group>"; };
		A579E0681F008690008BB1E1 /* NSString+CZHash.h */ = {isa = PBXFileReference; fileEncoding = 4; lastKnownFileType = sourcecode.c.h; path = "NSString+CZHash.h"; sourceTree = "<group>"; };
		A579E0691F008690008BB1E1 /* UIScreen+CZAddition.m */ = {isa = PBXFileReference; fileEncoding = 4; lastKnownFileType = sourcecode.c.objc; path = "UIScreen+CZAddition.m"; sourceTree = "<group>"; };
		A579E06A1F008690008BB1E1 /* UIViewController+CZAddition.h */ = {isa = PBXFileReference; fileEncoding = 4; lastKnownFileType = sourcecode.c.h; path = "UIViewController+CZAddition.h"; sourceTree = "<group>"; };
		A579E06B1F008690008BB1E1 /* UILabel+CZAddition.m */ = {isa = PBXFileReference; fileEncoding = 4; lastKnownFileType = sourcecode.c.objc; path = "UILabel+CZAddition.m"; sourceTree = "<group>"; };
		A579E06C1F008690008BB1E1 /* NSObject+CZRuntime.h */ = {isa = PBXFileReference; fileEncoding = 4; lastKnownFileType = sourcecode.c.h; path = "NSObject+CZRuntime.h"; sourceTree = "<group>"; };
		A579E06D1F008690008BB1E1 /* NSString+CZBase64.m */ = {isa = PBXFileReference; fileEncoding = 4; lastKnownFileType = sourcecode.c.objc; path = "NSString+CZBase64.m"; sourceTree = "<group>"; };
		A579E06E1F008690008BB1E1 /* NSString+CZPath.m */ = {isa = PBXFileReference; fileEncoding = 4; lastKnownFileType = sourcecode.c.objc; path = "NSString+CZPath.m"; sourceTree = "<group>"; };
		A579E06F1F008690008BB1E1 /* NSArray+Log.h */ = {isa = PBXFileReference; fileEncoding = 4; lastKnownFileType = sourcecode.c.h; path = "NSArray+Log.h"; sourceTree = "<group>"; };
		A579E0701F008690008BB1E1 /* NSAttributedString+CZAdditon.h */ = {isa = PBXFileReference; fileEncoding = 4; lastKnownFileType = sourcecode.c.h; path = "NSAttributedString+CZAdditon.h"; sourceTree = "<group>"; };
		A579E0711F008690008BB1E1 /* UIButton+CZAddition.m */ = {isa = PBXFileReference; fileEncoding = 4; lastKnownFileType = sourcecode.c.objc; path = "UIButton+CZAddition.m"; sourceTree = "<group>"; };
		A579E0721F008690008BB1E1 /* UIView+CZAddition.h */ = {isa = PBXFileReference; fileEncoding = 4; lastKnownFileType = sourcecode.c.h; path = "UIView+CZAddition.h"; sourceTree = "<group>"; };
		A579E0731F008690008BB1E1 /* UIColor+CZAddition.h */ = {isa = PBXFileReference; fileEncoding = 4; lastKnownFileType = sourcecode.c.h; path = "UIColor+CZAddition.h"; sourceTree = "<group>"; };
		A579E0741F008690008BB1E1 /* NSObject+CZRuntime.m */ = {isa = PBXFileReference; fileEncoding = 4; lastKnownFileType = sourcecode.c.objc; path = "NSObject+CZRuntime.m"; sourceTree = "<group>"; };
		A579E0751F008690008BB1E1 /* UILabel+CZAddition.h */ = {isa = PBXFileReference; fileEncoding = 4; lastKnownFileType = sourcecode.c.h; path = "UILabel+CZAddition.h"; sourceTree = "<group>"; };
		A579E0761F008690008BB1E1 /* UIScreen+CZAddition.h */ = {isa = PBXFileReference; fileEncoding = 4; lastKnownFileType = sourcecode.c.h; path = "UIScreen+CZAddition.h"; sourceTree = "<group>"; };
		A579E0771F008690008BB1E1 /* UIViewController+CZAddition.m */ = {isa = PBXFileReference; fileEncoding = 4; lastKnownFileType = sourcecode.c.objc; path = "UIViewController+CZAddition.m"; sourceTree = "<group>"; };
		A579E0781F008690008BB1E1 /* NSString+CZHash.m */ = {isa = PBXFileReference; fileEncoding = 4; lastKnownFileType = sourcecode.c.objc; path = "NSString+CZHash.m"; sourceTree = "<group>"; };
		A579E0791F008690008BB1E1 /* NSString+CZBase64.h */ = {isa = PBXFileReference; fileEncoding = 4; lastKnownFileType = sourcecode.c.h; path = "NSString+CZBase64.h"; sourceTree = "<group>"; };
		A579E07A1F008690008BB1E1 /* CZAdditions.h */ = {isa = PBXFileReference; fileEncoding = 4; lastKnownFileType = sourcecode.c.h; path = CZAdditions.h; sourceTree = "<group>"; };
		A579E07B1F008690008BB1E1 /* NSAttributedString+CZAdditon.m */ = {isa = PBXFileReference; fileEncoding = 4; lastKnownFileType = sourcecode.c.objc; path = "NSAttributedString+CZAdditon.m"; sourceTree = "<group>"; };
		A579E07C1F008690008BB1E1 /* NSArray+Log.m */ = {isa = PBXFileReference; fileEncoding = 4; lastKnownFileType = sourcecode.c.objc; path = "NSArray+Log.m"; sourceTree = "<group>"; };
		A579E07D1F008690008BB1E1 /* NSString+CZPath.h */ = {isa = PBXFileReference; fileEncoding = 4; lastKnownFileType = sourcecode.c.h; path = "NSString+CZPath.h"; sourceTree = "<group>"; };
/* End PBXFileReference section */

/* Begin PBXFrameworksBuildPhase section */
		A5173C701EFD3C1F00DC6700 /* Frameworks */ = {
			isa = PBXFrameworksBuildPhase;
			buildActionMask = 2147483647;
			files = (
			);
			runOnlyForDeploymentPostprocessing = 0;
		};
/* End PBXFrameworksBuildPhase section */

/* Begin PBXGroup section */
		A501AB311F02780E00ACC0C9 /* Extensions */ = {
			isa = PBXGroup;
			children = (
				A501AB321F02780E00ACC0C9 /* Bundle+Extensions.swift */,
				A525B96E1F0A3FF100D04ACE /* UIBarButtonItem+Extensions.swift */,
			);
			path = Extensions;
			sourceTree = "<group>";
		};
		A5173C6A1EFD3C1F00DC6700 = {
			isa = PBXGroup;
			children = (
				A5173C751EFD3C1F00DC6700 /* WeiBo */,
				A5173C741EFD3C1F00DC6700 /* Products */,
			);
			sourceTree = "<group>";
		};
		A5173C741EFD3C1F00DC6700 /* Products */ = {
			isa = PBXGroup;
			children = (
				A5173C731EFD3C1F00DC6700 /* WeiBo.app */,
			);
			name = Products;
			sourceTree = "<group>";
		};
		A5173C751EFD3C1F00DC6700 /* WeiBo */ = {
			isa = PBXGroup;
			children = (
				A5173C881EFFC14A00DC6700 /* Classes */,
				A5173C761EFD3C1F00DC6700 /* AppDelegate.swift */,
				A542477C1F0089010096DE46 /* WeiBo-Bridge.h */,
				A5173C7D1EFD3C1F00DC6700 /* Assets.xcassets */,
				A5173C821EFD3C1F00DC6700 /* Info.plist */,
			);
			path = WeiBo;
			sourceTree = "<group>";
		};
		A5173C881EFFC14A00DC6700 /* Classes */ = {
			isa = PBXGroup;
			children = (
				A5173C8B1EFFC14A00DC6700 /* View */,
				A5173C911EFFC14A00DC6700 /* ViewModel */,
				A5173C891EFFC14A00DC6700 /* Model */,
				A5173C8A1EFFC14A00DC6700 /* Tools */,
			);
			path = Classes;
			sourceTree = "<group>";
		};
		A5173C891EFFC14A00DC6700 /* Model */ = {
			isa = PBXGroup;
			children = (
			);
			path = Model;
			sourceTree = "<group>";
		};
		A5173C8A1EFFC14A00DC6700 /* Tools */ = {
			isa = PBXGroup;
			children = (
				A501AB311F02780E00ACC0C9 /* Extensions */,
				A579E0641F008690008BB1E1 /* Additions */,
			);
			path = Tools;
			sourceTree = "<group>";
		};
		A5173C8B1EFFC14A00DC6700 /* View */ = {
			isa = PBXGroup;
			children = (
				A5173C8E1EFFC14A00DC6700 /* Main */,
				A5173C8D1EFFC14A00DC6700 /* Home */,
				A5173C8F1EFFC14A00DC6700 /* Message */,
				A5173C8C1EFFC14A00DC6700 /* Discover */,
				A5173C901EFFC14A00DC6700 /* Profile */,
			);
			path = View;
			sourceTree = "<group>";
		};
		A5173C8C1EFFC14A00DC6700 /* Discover */ = {
			isa = PBXGroup;
			children = (
				A5173C9C1EFFC2C400DC6700 /* YYHDiscoverViewController.swift */,
			);
			path = Discover;
			sourceTree = "<group>";
		};
		A5173C8D1EFFC14A00DC6700 /* Home */ = {
			isa = PBXGroup;
			children = (
				A5173C981EFFC2B000DC6700 /* YYHViewController.swift */,
			);
			path = Home;
			sourceTree = "<group>";
		};
		A5173C8E1EFFC14A00DC6700 /* Main */ = {
			isa = PBXGroup;
			children = (
				A525B9651F07B3CF00D04ACE /* 测试 */,
				A52987461F139BEC00F154C6 /* 主控制器 */,
				A57787741F1B727C00989A5E /* 访客视图 */,
				A5173C961EFFC21F00DC6700 /* YYHBaseTableController.swift */,
			);
			path = Main;
			sourceTree = "<group>";
		};
		A5173C8F1EFFC14A00DC6700 /* Message */ = {
			isa = PBXGroup;
			children = (
				A5173C9A1EFFC2BA00DC6700 /* YYHMessageViewController.swift */,
			);
			path = Message;
			sourceTree = "<group>";
		};
		A5173C901EFFC14A00DC6700 /* Profile */ = {
			isa = PBXGroup;
			children = (
				A5173C9E1EFFC2CE00DC6700 /* YYHProfileViewController.swift */,
			);
			path = Profile;
			sourceTree = "<group>";
		};
		A5173C911EFFC14A00DC6700 /* ViewModel */ = {
			isa = PBXGroup;
			children = (
			);
			path = ViewModel;
			sourceTree = "<group>";
		};
		A525B9651F07B3CF00D04ACE /* 测试 */ = {
			isa = PBXGroup;
			children = (
				A525B9661F07B4BE00D04ACE /* YYHDemoTableViewController.swift */,
			);
			path = "测试";
			sourceTree = "<group>";
		};
		A52987461F139BEC00F154C6 /* 主控制器 */ = {
			isa = PBXGroup;
			children = (
				A5173C921EFFC1BD00DC6700 /* YYHTabBarViewController.swift */,
				A5173C941EFFC1D700DC6700 /* YYHNavigationController.swift */,
			);
			path = "主控制器";
			sourceTree = "<group>";
		};
		A57787741F1B727C00989A5E /* 访客视图 */ = {
			isa = PBXGroup;
			children = (
				A57787751F1B72A000989A5E /* YYHVistorView.swift */,
			);
			path = "访客视图";
			sourceTree = "<group>";
		};
		A579E0641F008690008BB1E1 /* Additions */ = {
			isa = PBXGroup;
			children = (
				A525B96B1F0A397400D04ACE /* UIBarButtonItem+YYHBarButton.h */,
				A525B96C1F0A397500D04ACE /* UIBarButtonItem+YYHBarButton.m */,
				A579E0651F008690008BB1E1 /* UIColor+CZAddition.m */,
				A579E0661F008690008BB1E1 /* UIView+CZAddition.m */,
				A579E0671F008690008BB1E1 /* UIButton+CZAddition.h */,
				A579E0681F008690008BB1E1 /* NSString+CZHash.h */,
				A579E0691F008690008BB1E1 /* UIScreen+CZAddition.m */,
				A579E06A1F008690008BB1E1 /* UIViewController+CZAddition.h */,
				A579E06B1F008690008BB1E1 /* UILabel+CZAddition.m */,
				A579E06C1F008690008BB1E1 /* NSObject+CZRuntime.h */,
				A579E06D1F008690008BB1E1 /* NSString+CZBase64.m */,
				A579E06E1F008690008BB1E1 /* NSString+CZPath.m */,
				A579E06F1F008690008BB1E1 /* NSArray+Log.h */,
				A579E0701F008690008BB1E1 /* NSAttributedString+CZAdditon.h */,
				A579E0711F008690008BB1E1 /* UIButton+CZAddition.m */,
				A579E0721F008690008BB1E1 /* UIView+CZAddition.h */,
				A579E0731F008690008BB1E1 /* UIColor+CZAddition.h */,
				A579E0741F008690008BB1E1 /* NSObject+CZRuntime.m */,
				A579E0751F008690008BB1E1 /* UILabel+CZAddition.h */,
				A579E0761F008690008BB1E1 /* UIScreen+CZAddition.h */,
				A579E0771F008690008BB1E1 /* UIViewController+CZAddition.m */,
				A579E0781F008690008BB1E1 /* NSString+CZHash.m */,
				A579E0791F008690008BB1E1 /* NSString+CZBase64.h */,
				A579E07A1F008690008BB1E1 /* CZAdditions.h */,
				A579E07B1F008690008BB1E1 /* NSAttributedString+CZAdditon.m */,
				A579E07C1F008690008BB1E1 /* NSArray+Log.m */,
				A579E07D1F008690008BB1E1 /* NSString+CZPath.h */,
			);
			path = Additions;
			sourceTree = "<group>";
		};
/* End PBXGroup section */

/* Begin PBXNativeTarget section */
		A5173C721EFD3C1F00DC6700 /* WeiBo */ = {
			isa = PBXNativeTarget;
			buildConfigurationList = A5173C851EFD3C1F00DC6700 /* Build configuration list for PBXNativeTarget "WeiBo" */;
			buildPhases = (
				A5173C6F1EFD3C1F00DC6700 /* Sources */,
				A5173C701EFD3C1F00DC6700 /* Frameworks */,
				A5173C711EFD3C1F00DC6700 /* Resources */,
			);
			buildRules = (
			);
			dependencies = (
			);
			name = WeiBo;
			productName = WeiBo;
			productReference = A5173C731EFD3C1F00DC6700 /* WeiBo.app */;
			productType = "com.apple.product-type.application";
		};
/* End PBXNativeTarget section */

/* Begin PBXProject section */
		A5173C6B1EFD3C1F00DC6700 /* Project object */ = {
			isa = PBXProject;
			attributes = {
				CLASSPREFIX = YYH;
				LastSwiftUpdateCheck = 0820;
				LastUpgradeCheck = 0900;
				ORGANIZATIONNAME = "姚懿恒";
				TargetAttributes = {
					A5173C721EFD3C1F00DC6700 = {
						CreatedOnToolsVersion = 8.2.1;
						DevelopmentTeam = SWWP4FHJHM;
						LastSwiftMigration = 0900;
						ProvisioningStyle = Automatic;
					};
				};
			};
			buildConfigurationList = A5173C6E1EFD3C1F00DC6700 /* Build configuration list for PBXProject "WeiBo" */;
			compatibilityVersion = "Xcode 3.2";
			developmentRegion = English;
			hasScannedForEncodings = 0;
			knownRegions = (
				en,
				Base,
			);
			mainGroup = A5173C6A1EFD3C1F00DC6700;
			productRefGroup = A5173C741EFD3C1F00DC6700 /* Products */;
			projectDirPath = "";
			projectRoot = "";
			targets = (
				A5173C721EFD3C1F00DC6700 /* WeiBo */,
			);
		};
/* End PBXProject section */

/* Begin PBXResourcesBuildPhase section */
		A5173C711EFD3C1F00DC6700 /* Resources */ = {
			isa = PBXResourcesBuildPhase;
			buildActionMask = 2147483647;
			files = (
				A5173C7E1EFD3C1F00DC6700 /* Assets.xcassets in Resources */,
			);
			runOnlyForDeploymentPostprocessing = 0;
		};
/* End PBXResourcesBuildPhase section */

/* Begin PBXSourcesBuildPhase section */
		A5173C6F1EFD3C1F00DC6700 /* Sources */ = {
			isa = PBXSourcesBuildPhase;
			buildActionMask = 2147483647;
			files = (
				A525B96F1F0A3FF100D04ACE /* UIBarButtonItem+Extensions.swift in Sources */,
				A57787761F1B72A000989A5E /* YYHVistorView.swift in Sources */,
				A5173C971EFFC21F00DC6700 /* YYHBaseTableController.swift in Sources */,
				A579E0821F008690008BB1E1 /* NSString+CZBase64.m in Sources */,
				A5173C951EFFC1D700DC6700 /* YYHNavigationController.swift in Sources */,
				A579E0851F008690008BB1E1 /* NSObject+CZRuntime.m in Sources */,
				A579E0881F008690008BB1E1 /* NSAttributedString+CZAdditon.m in Sources */,
				A579E0891F008690008BB1E1 /* NSArray+Log.m in Sources */,
				A501AB331F02780E00ACC0C9 /* Bundle+Extensions.swift in Sources */,
				A579E0801F008690008BB1E1 /* UIScreen+CZAddition.m in Sources */,
				A5173C991EFFC2B000DC6700 /* YYHViewController.swift in Sources */,
				A5173C9F1EFFC2CE00DC6700 /* YYHProfileViewController.swift in Sources */,
				A5173C771EFD3C1F00DC6700 /* AppDelegate.swift in Sources */,
				A525B96D1F0A397500D04ACE /* UIBarButtonItem+YYHBarButton.m in Sources */,
				A579E0841F008690008BB1E1 /* UIButton+CZAddition.m in Sources */,
				A5173C9D1EFFC2C400DC6700 /* YYHDiscoverViewController.swift in Sources */,
				A579E0871F008690008BB1E1 /* NSString+CZHash.m in Sources */,
				A579E0861F008690008BB1E1 /* UIViewController+CZAddition.m in Sources */,
				A5173C931EFFC1BD00DC6700 /* YYHTabBarViewController.swift in Sources */,
				A5173C9B1EFFC2BA00DC6700 /* YYHMessageViewController.swift in Sources */,
				A579E0811F008690008BB1E1 /* UILabel+CZAddition.m in Sources */,
				A525B9671F07B4BE00D04ACE /* YYHDemoTableViewController.swift in Sources */,
				A579E0831F008690008BB1E1 /* NSString+CZPath.m in Sources */,
				A579E07E1F008690008BB1E1 /* UIColor+CZAddition.m in Sources */,
				A579E07F1F008690008BB1E1 /* UIView+CZAddition.m in Sources */,
			);
			runOnlyForDeploymentPostprocessing = 0;
		};
/* End PBXSourcesBuildPhase section */

/* Begin XCBuildConfiguration section */
		A5173C831EFD3C1F00DC6700 /* Debug */ = {
			isa = XCBuildConfiguration;
			buildSettings = {
				ALWAYS_SEARCH_USER_PATHS = NO;
				CLANG_ANALYZER_NONNULL = YES;
				CLANG_CXX_LANGUAGE_STANDARD = "gnu++0x";
				CLANG_CXX_LIBRARY = "libc++";
				CLANG_ENABLE_MODULES = YES;
				CLANG_ENABLE_OBJC_ARC = YES;
				CLANG_WARN_BLOCK_CAPTURE_AUTORELEASING = YES;
				CLANG_WARN_BOOL_CONVERSION = YES;
				CLANG_WARN_COMMA = YES;
				CLANG_WARN_CONSTANT_CONVERSION = YES;
				CLANG_WARN_DIRECT_OBJC_ISA_USAGE = YES_ERROR;
				CLANG_WARN_DOCUMENTATION_COMMENTS = YES;
				CLANG_WARN_EMPTY_BODY = YES;
				CLANG_WARN_ENUM_CONVERSION = YES;
				CLANG_WARN_INFINITE_RECURSION = YES;
				CLANG_WARN_INT_CONVERSION = YES;
				CLANG_WARN_NON_LITERAL_NULL_CONVERSION = YES;
				CLANG_WARN_OBJC_LITERAL_CONVERSION = YES;
				CLANG_WARN_OBJC_ROOT_CLASS = YES_ERROR;
				CLANG_WARN_RANGE_LOOP_ANALYSIS = YES;
				CLANG_WARN_STRICT_PROTOTYPES = YES;
				CLANG_WARN_SUSPICIOUS_MOVE = YES;
				CLANG_WARN_UNREACHABLE_CODE = YES;
				CLANG_WARN__DUPLICATE_METHOD_MATCH = YES;
				"CODE_SIGN_IDENTITY[sdk=iphoneos*]" = "iPhone Developer";
				COPY_PHASE_STRIP = NO;
				DEBUG_INFORMATION_FORMAT = dwarf;
				ENABLE_STRICT_OBJC_MSGSEND = YES;
				ENABLE_TESTABILITY = YES;
				GCC_C_LANGUAGE_STANDARD = gnu99;
				GCC_DYNAMIC_NO_PIC = NO;
				GCC_NO_COMMON_BLOCKS = YES;
				GCC_OPTIMIZATION_LEVEL = 0;
				GCC_PREPROCESSOR_DEFINITIONS = (
					"DEBUG=1",
					"$(inherited)",
				);
				GCC_WARN_64_TO_32_BIT_CONVERSION = YES;
				GCC_WARN_ABOUT_RETURN_TYPE = YES_ERROR;
				GCC_WARN_UNDECLARED_SELECTOR = YES;
				GCC_WARN_UNINITIALIZED_AUTOS = YES_AGGRESSIVE;
				GCC_WARN_UNUSED_FUNCTION = YES;
				GCC_WARN_UNUSED_VARIABLE = YES;
				IPHONEOS_DEPLOYMENT_TARGET = 10.2;
				MTL_ENABLE_DEBUG_INFO = YES;
				ONLY_ACTIVE_ARCH = YES;
				SDKROOT = iphoneos;
				SWIFT_ACTIVE_COMPILATION_CONDITIONS = DEBUG;
				SWIFT_OPTIMIZATION_LEVEL = "-Onone";
			};
			name = Debug;
		};
		A5173C841EFD3C1F00DC6700 /* Release */ = {
			isa = XCBuildConfiguration;
			buildSettings = {
				ALWAYS_SEARCH_USER_PATHS = NO;
				CLANG_ANALYZER_NONNULL = YES;
				CLANG_CXX_LANGUAGE_STANDARD = "gnu++0x";
				CLANG_CXX_LIBRARY = "libc++";
				CLANG_ENABLE_MODULES = YES;
				CLANG_ENABLE_OBJC_ARC = YES;
				CLANG_WARN_BLOCK_CAPTURE_AUTORELEASING = YES;
				CLANG_WARN_BOOL_CONVERSION = YES;
				CLANG_WARN_COMMA = YES;
				CLANG_WARN_CONSTANT_CONVERSION = YES;
				CLANG_WARN_DIRECT_OBJC_ISA_USAGE = YES_ERROR;
				CLANG_WARN_DOCUMENTATION_COMMENTS = YES;
				CLANG_WARN_EMPTY_BODY = YES;
				CLANG_WARN_ENUM_CONVERSION = YES;
				CLANG_WARN_INFINITE_RECURSION = YES;
				CLANG_WARN_INT_CONVERSION = YES;
				CLANG_WARN_NON_LITERAL_NULL_CONVERSION = YES;
				CLANG_WARN_OBJC_LITERAL_CONVERSION = YES;
				CLANG_WARN_OBJC_ROOT_CLASS = YES_ERROR;
				CLANG_WARN_RANGE_LOOP_ANALYSIS = YES;
				CLANG_WARN_STRICT_PROTOTYPES = YES;
				CLANG_WARN_SUSPICIOUS_MOVE = YES;
				CLANG_WARN_UNREACHABLE_CODE = YES;
				CLANG_WARN__DUPLICATE_METHOD_MATCH = YES;
				"CODE_SIGN_IDENTITY[sdk=iphoneos*]" = "iPhone Developer";
				COPY_PHASE_STRIP = NO;
				DEBUG_INFORMATION_FORMAT = "dwarf-with-dsym";
				ENABLE_NS_ASSERTIONS = NO;
				ENABLE_STRICT_OBJC_MSGSEND = YES;
				GCC_C_LANGUAGE_STANDARD = gnu99;
				GCC_NO_COMMON_BLOCKS = YES;
				GCC_WARN_64_TO_32_BIT_CONVERSION = YES;
				GCC_WARN_ABOUT_RETURN_TYPE = YES_ERROR;
				GCC_WARN_UNDECLARED_SELECTOR = YES;
				GCC_WARN_UNINITIALIZED_AUTOS = YES_AGGRESSIVE;
				GCC_WARN_UNUSED_FUNCTION = YES;
				GCC_WARN_UNUSED_VARIABLE = YES;
				IPHONEOS_DEPLOYMENT_TARGET = 10.2;
				MTL_ENABLE_DEBUG_INFO = NO;
				SDKROOT = iphoneos;
				SWIFT_OPTIMIZATION_LEVEL = "-Owholemodule";
				VALIDATE_PRODUCT = YES;
			};
			name = Release;
		};
		A5173C861EFD3C1F00DC6700 /* Debug */ = {
			isa = XCBuildConfiguration;
			buildSettings = {
				ASSETCATALOG_COMPILER_APPICON_NAME = AppIcon;
				ASSETCATALOG_COMPILER_LAUNCHIMAGE_NAME = LaunchImage;
				DEVELOPMENT_TEAM = SWWP4FHJHM;
				INFOPLIST_FILE = WeiBo/Info.plist;
				IPHONEOS_DEPLOYMENT_TARGET = 9.0;
				LD_RUNPATH_SEARCH_PATHS = "$(inherited) @executable_path/Frameworks";
				PRODUCT_BUNDLE_IDENTIFIER = com.WeiBo;
				PRODUCT_NAME = "$(TARGET_NAME)";
				SWIFT_OBJC_BRIDGING_HEADER = "WeiBo/Weibo-Bridge.h";
				SWIFT_SWIFT3_OBJC_INFERENCE = Off;
				SWIFT_VERSION = 4.0;
			};
			name = Debug;
		};
		A5173C871EFD3C1F00DC6700 /* Release */ = {
			isa = XCBuildConfiguration;
			buildSettings = {
				ASSETCATALOG_COMPILER_APPICON_NAME = AppIcon;
				ASSETCATALOG_COMPILER_LAUNCHIMAGE_NAME = LaunchImage;
				DEVELOPMENT_TEAM = SWWP4FHJHM;
				INFOPLIST_FILE = WeiBo/Info.plist;
				IPHONEOS_DEPLOYMENT_TARGET = 9.0;
				LD_RUNPATH_SEARCH_PATHS = "$(inherited) @executable_path/Frameworks";
				PRODUCT_BUNDLE_IDENTIFIER = com.WeiBo;
				PRODUCT_NAME = "$(TARGET_NAME)";
				SWIFT_OBJC_BRIDGING_HEADER = "WeiBo/Weibo-Bridge.h";
				SWIFT_SWIFT3_OBJC_INFERENCE = Off;
				SWIFT_VERSION = 4.0;
			};
			name = Release;
		};
/* End XCBuildConfiguration section */

/* Begin XCConfigurationList section */
		A5173C6E1EFD3C1F00DC6700 /* Build configuration list for PBXProject "WeiBo" */ = {
			isa = XCConfigurationList;
			buildConfigurations = (
				A5173C831EFD3C1F00DC6700 /* Debug */,
				A5173C841EFD3C1F00DC6700 /* Release */,
			);
			defaultConfigurationIsVisible = 0;
			defaultConfigurationName = Release;
		};
		A5173C851EFD3C1F00DC6700 /* Build configuration list for PBXNativeTarget "WeiBo" */ = {
			isa = XCConfigurationList;
			buildConfigurations = (
				A5173C861EFD3C1F00DC6700 /* Debug */,
				A5173C871EFD3C1F00DC6700 /* Release */,
			);
			defaultConfigurationIsVisible = 0;
			defaultConfigurationName = Release;
		};
/* End XCConfigurationList section */
	};
	rootObject = A5173C6B1EFD3C1F00DC6700 /* Project object */;
}
